Microsoft Visual Studio Solution File, Format Version 12.00
# Visual Studio Version 16
VisualStudioVersion = 16.0.0.0
MinimumVisualStudioVersion = 16.0.0.0
Project("{9A19103F-16F7-4668-BE54-9A1E7A4F7556}") = "BlazorStore", "BlazorStore\BlazorStore.csproj", "{350A9209-2928-44DD-9AD1-D46137BA0C11}"
EndProject
Project("{9A19103F-16F7-4668-BE54-9A1E7A4F7556}") = "BlazorStore.Client", "BlazorStore.Client\BlazorStore.Client.csproj", "{D44BCFB3-6BF5-4450-AE51-A62DAD1C4D29}"
EndProject
Project("{FAE04EC0-301F-11D3-BF4B-00C04F79EFBC}") = "BlazorStore.Models", "BlazorStore.Models\BlazorStore.Models.csproj", "{8016D4F8-6029-42C0-AD62-103F22D5B7F1}"
EndProject
Global
	GlobalSection(SolutionConfigurationPlatforms) = preSolution
		Debug|Any CPU = Debug|Any CPU
		Debug|x64 = Debug|x64
		Debug|x86 = Debug|x86
		Release|Any CPU = Release|Any CPU
		Release|x64 = Release|x64
		Release|x86 = Release|x86
	EndGlobalSection
	GlobalSection(ProjectConfigurationPlatforms) = postSolution
		{D44BCFB3-6BF5-4450-AE51-A62DAD1C4D29}.Debug|Any CPU.ActiveCfg = Debug|Any CPU
		{D44BCFB3-6BF5-4450-AE51-A62DAD1C4D29}.Debug|Any CPU.Build.0 = Debug|Any CPU
		{D44BCFB3-6BF5-4450-AE51-A62DAD1C4D29}.Debug|x64.ActiveCfg = Debug|Any CPU
		{D44BCFB3-6BF5-4450-AE51-A62DAD1C4D29}.Debug|x64.Build.0 = Debug|Any CPU
		{D44BCFB3-6BF5-4450-AE51-A62DAD1C4D29}.Debug|x86.ActiveCfg = Debug|Any CPU
		{D44BCFB3-6BF5-4450-AE51-A62DAD1C4D29}.Debug|x86.Build.0 = Debug|Any CPU
		{D44BCFB3-6BF5-4450-AE51-A62DAD1C4D29}.Release|Any CPU.ActiveCfg = Release|Any CPU
		{D44BCFB3-6BF5-4450-AE51-A62DAD1C4D29}.Release|Any CPU.Build.0 = Release|Any CPU
		{D44BCFB3-6BF5-4450-AE51-A62DAD1C4D29}.Release|x64.ActiveCfg = Release|Any CPU
		{D44BCFB3-6BF5-4450-AE51-A62DAD1C4D29}.Release|x64.Build.0 = Release|Any CPU
		{D44BCFB3-6BF5-4450-AE51-A62DAD1C4D29}.Release|x86.ActiveCfg = Release|Any CPU
		{D44BCFB3-6BF5-4450-AE51-A62DAD1C4D29}.Release|x86.Build.0 = Release|Any CPU
		{350A9209-2928-44DD-9AD1-D46137BA0C11}.Debug|Any CPU.ActiveCfg = Debug|Any CPU
		{350A9209-2928-44DD-9AD1-D46137BA0C11}.Debug|Any CPU.Build.0 = Debug|Any CPU
		{350A9209-2928-44DD-9AD1-D46137BA0C11}.Debug|x64.ActiveCfg = Debug|Any CPU
		{350A9209-2928-44DD-9AD1-D46137BA0C11}.Debug|x64.Build.0 = Debug|Any CPU
		{350A9209-2928-44DD-9AD1-D46137BA0C11}.Debug|x86.ActiveCfg = Debug|Any CPU
		{350A9209-2928-44DD-9AD1-D46137BA0C11}.Debug|x86.Build.0 = Debug|Any CPU
		{350A9209-2928-44DD-9AD1-D46137BA0C11}.Release|Any CPU.ActiveCfg = Release|Any CPU
		{350A9209-2928-44DD-9AD1-D46137BA0C11}.Release|Any CPU.Build.0 = Release|Any CPU
		{350A9209-2928-44DD-9AD1-D46137BA0C11}.Release|x64.ActiveCfg = Release|Any CPU
		{350A9209-2928-44DD-9AD1-D46137BA0C11}.Release|x64.Build.0 = Release|Any CPU
		{350A9209-2928-44DD-9AD1-D46137BA0C11}.Release|x86.ActiveCfg = Release|Any CPU
		{350A9209-2928-44DD-9AD1-D46137BA0C11}.Release|x86.Build.0 = Release|Any CPU
		{8016D4F8-6029-42C0-AD62-103F22D5B7F1}.Debug|Any CPU.ActiveCfg = Debug|Any CPU
		{8016D4F8-6029-42C0-AD62-103F22D5B7F1}.Debug|Any CPU.Build.0 = Debug|Any CPU
		{8016D4F8-6029-42C0-AD62-103F22D5B7F1}.Debug|x64.ActiveCfg = Debug|Any CPU
		{8016D4F8-6029-42C0-AD62-103F22D5B7F1}.Debug|x64.Build.0 = Debug|Any CPU
		{8016D4F8-6029-42C0-AD62-103F22D5B7F1}.Debug|x86.ActiveCfg = Debug|Any CPU
		{8016D4F8-6029-42C0-AD62-103F22D5B7F1}.Debug|x86.Build.0 = Debug|Any CPU
		{8016D4F8-6029-42C0-AD62-103F22D5B7F1}.Release|Any CPU.ActiveCfg = Release|Any CPU
		{8016D4F8-6029-42C0-AD62-103F22D5B7F1}.Release|Any CPU.Build.0 = Release|Any CPU
		{8016D4F8-6029-42C0-AD62-103F22D5B7F1}.Release|x64.ActiveCfg = Release|Any CPU
		{8016D4F8-6029-42C0-AD62-103F22D5B7F1}.Release|x64.Build.0 = Release|Any CPU
		{8016D4F8-6029-42C0-AD62-103F22D5B7F1}.Release|x86.ActiveCfg = Release|Any CPU
		{8016D4F8-6029-42C0-AD62-103F22D5B7F1}.Release|x86.Build.0 = Release|Any CPU
	EndGlobalSection
	GlobalSection(SolutionProperties) = preSolution
		HideSolutionNode = FALSE
	EndGlobalSection
	GlobalSection(ExtensibilityGlobals) = postSolution
		SolutionGuid = {737B5400-E4D8-4AC7-8DE4-4D0BED2D8494}
	EndGlobalSection
EndGlobal
